
Microsoft Visual Studio Solution File, Format Version 12.00
# Visual Studio 15
VisualStudioVersion = 15.0.27428.2037
MinimumVisualStudioVersion = 10.0.40219.1
Project("{FAE04EC0-301F-11D3-BF4B-00C04F79EFBC}") = "EasyNetQTest", "EasyNetQTest\EasyNetQTest.csproj", "{01D46CE6-DB7A-4438-A915-763934A4B492}"
EndProject
Project("{FAE04EC0-301F-11D3-BF4B-00C04F79EFBC}") = "Publisher", "Publisher\Publisher.csproj", "{133A4B5D-181D-4A0F-AC2A-6EA4615CC1E9}"
EndProject
Project("{FAE04EC0-301F-11D3-BF4B-00C04F79EFBC}") = "Subscriber", "Subscriber\Subscriber.csproj", "{AD3D1EBE-A6F0-485B-87EA-FA4F6BFE28A2}"
EndProject
Project("{FAE04EC0-301F-11D3-BF4B-00C04F79EFBC}") = "Messages", "Messages\Messages.csproj", "{94A7F81C-78C9-4FBB-9C54-F1E23BB33825}"
EndProject
Project("{2150E333-8FDC-42A3-9474-1A3956D46DE8}") = "Solution Items", "Solution Items", "{DF0887D8-4522-4A46-9169-113B96243878}"
	ProjectSection(SolutionItems) = preProject
		readme.md = readme.md
	EndProjectSection
EndProject
Global
	GlobalSection(SolutionConfigurationPlatforms) = preSolution
		Debug|Any CPU = Debug|Any CPU
		Release|Any CPU = Release|Any CPU
	EndGlobalSection
	GlobalSection(ProjectConfigurationPlatforms) = postSolution
		{01D46CE6-DB7A-4438-A915-763934A4B492}.Debug|Any CPU.ActiveCfg = Debug|Any CPU
		{01D46CE6-DB7A-4438-A915-763934A4B492}.Debug|Any CPU.Build.0 = Debug|Any CPU
		{01D46CE6-DB7A-4438-A915-763934A4B492}.Release|Any CPU.ActiveCfg = Release|Any CPU
		{01D46CE6-DB7A-4438-A915-763934A4B492}.Release|Any CPU.Build.0 = Release|Any CPU
		{133A4B5D-181D-4A0F-AC2A-6EA4615CC1E9}.Debug|Any CPU.ActiveCfg = Debug|Any CPU
		{133A4B5D-181D-4A0F-AC2A-6EA4615CC1E9}.Debug|Any CPU.Build.0 = Debug|Any CPU
		{133A4B5D-181D-4A0F-AC2A-6EA4615CC1E9}.Release|Any CPU.ActiveCfg = Release|Any CPU
		{133A4B5D-181D-4A0F-AC2A-6EA4615CC1E9}.Release|Any CPU.Build.0 = Release|Any CPU
		{AD3D1EBE-A6F0-485B-87EA-FA4F6BFE28A2}.Debug|Any CPU.ActiveCfg = Debug|Any CPU
		{AD3D1EBE-A6F0-485B-87EA-FA4F6BFE28A2}.Debug|Any CPU.Build.0 = Debug|Any CPU
		{AD3D1EBE-A6F0-485B-87EA-FA4F6BFE28A2}.Release|Any CPU.ActiveCfg = Release|Any CPU
		{AD3D1EBE-A6F0-485B-87EA-FA4F6BFE28A2}.Release|Any CPU.Build.0 = Release|Any CPU
		{94A7F81C-78C9-4FBB-9C54-F1E23BB33825}.Debug|Any CPU.ActiveCfg = Debug|Any CPU
		{94A7F81C-78C9-4FBB-9C54-F1E23BB33825}.Debug|Any CPU.Build.0 = Debug|Any CPU
		{94A7F81C-78C9-4FBB-9C54-F1E23BB33825}.Release|Any CPU.ActiveCfg = Release|Any CPU
		{94A7F81C-78C9-4FBB-9C54-F1E23BB33825}.Release|Any CPU.Build.0 = Release|Any CPU
	EndGlobalSection
	GlobalSection(SolutionProperties) = preSolution
		HideSolutionNode = FALSE
	EndGlobalSection
	GlobalSection(ExtensibilityGlobals) = postSolution
		SolutionGuid = {11F63EEF-7691-4417-8345-9DB3E0AEEE54}
	EndGlobalSection
EndGlobal
